
Microsoft Visual Studio Solution File, Format Version 12.00
# Visual Studio Version 17
VisualStudioVersion = 17.13.35913.81 d17.13
MinimumVisualStudioVersion = 10.0.40219.1
Project("{FAE04EC0-301F-11D3-BF4B-00C04F79EFBC}") = "MesaListo", "MesaListo.csproj", "{1F93B36B-ABDB-4906-878C-7080E439918A}"
EndProject
Global
	GlobalSection(SolutionConfigurationPlatforms) = preSolution
		Debug|Any CPU = Debug|Any CPU
		Release|Any CPU = Release|Any CPU
	EndGlobalSection
	GlobalSection(ProjectConfigurationPlatforms) = postSolution
		{1F93B36B-ABDB-4906-878C-7080E439918A}.Debug|Any CPU.ActiveCfg = Debug|Any CPU
		{1F93B36B-ABDB-4906-878C-7080E439918A}.Debug|Any CPU.Build.0 = Debug|Any CPU
		{1F93B36B-ABDB-4906-878C-7080E439918A}.Release|Any CPU.ActiveCfg = Release|Any CPU
		{1F93B36B-ABDB-4906-878C-7080E439918A}.Release|Any CPU.Build.0 = Release|Any CPU
	EndGlobalSection
	GlobalSection(SolutionProperties) = preSolution
		HideSolutionNode = FALSE
	EndGlobalSection
	GlobalSection(ExtensibilityGlobals) = postSolution
		SolutionGuid = {C464B5B2-6993-49F0-9050-C5CE6CE76A47}
	EndGlobalSection
EndGlobal
